
Microsoft Visual Studio Solution File, Format Version 12.00
# Visual Studio Version 16
VisualStudioVersion = 16.0.30611.23
MinimumVisualStudioVersion = 10.0.40219.1
Project("{8BC9CEB8-8B4A-11D0-8D11-00A0C91BC942}") = "Practice07_01_Operator_Math", "Practice07_01_Operator_Math\Practice07_01_Operator_Math.vcxproj", "{C62D6799-26C5-456E-957A-5F1700636F92}"
EndProject
Project("{8BC9CEB8-8B4A-11D0-8D11-00A0C91BC942}") = "Practice07_02_Operator_Compare", "Practice07_02_Operator_Compare\Practice07_02_Operator_Compare.vcxproj", "{205030C3-FD3E-4811-B189-82586C9145A8}"
EndProject
Project("{8BC9CEB8-8B4A-11D0-8D11-00A0C91BC942}") = "Practice07_03_Operator", "Practice07_03_Operator\Practice07_03_Operator.vcxproj", "{04C82E0C-790B-4FEE-87A1-979D2B6486B5}"
EndProject
Project("{8BC9CEB8-8B4A-11D0-8D11-00A0C91BC942}") = "Practice07_04_Template", "Practice07_04_Template\Practice07_04_Template.vcxproj", "{7C7E1BCD-F222-452B-8DC8-3183F95BEDAA}"
EndProject
Project("{8BC9CEB8-8B4A-11D0-8D11-00A0C91BC942}") = "Practice07_05_Template_Class", "Practice07_05_Template_Class\Practice07_05_Template_Class.vcxproj", "{23263485-020E-4F0A-BA97-F7917FB7E82D}"
EndProject
Global
	GlobalSection(SolutionConfigurationPlatforms) = preSolution
		Debug|x64 = Debug|x64
		Debug|x86 = Debug|x86
		Release|x64 = Release|x64
		Release|x86 = Release|x86
	EndGlobalSection
	GlobalSection(ProjectConfigurationPlatforms) = postSolution
		{C62D6799-26C5-456E-957A-5F1700636F92}.Debug|x64.ActiveCfg = Debug|x64
		{C62D6799-26C5-456E-957A-5F1700636F92}.Debug|x64.Build.0 = Debug|x64
		{C62D6799-26C5-456E-957A-5F1700636F92}.Debug|x86.ActiveCfg = Debug|Win32
		{C62D6799-26C5-456E-957A-5F1700636F92}.Debug|x86.Build.0 = Debug|Win32
		{C62D6799-26C5-456E-957A-5F1700636F92}.Release|x64.ActiveCfg = Release|x64
		{C62D6799-26C5-456E-957A-5F1700636F92}.Release|x64.Build.0 = Release|x64
		{C62D6799-26C5-456E-957A-5F1700636F92}.Release|x86.ActiveCfg = Release|Win32
		{C62D6799-26C5-456E-957A-5F1700636F92}.Release|x86.Build.0 = Release|Win32
		{205030C3-FD3E-4811-B189-82586C9145A8}.Debug|x64.ActiveCfg = Debug|x64
		{205030C3-FD3E-4811-B189-82586C9145A8}.Debug|x64.Build.0 = Debug|x64
		{205030C3-FD3E-4811-B189-82586C9145A8}.Debug|x86.ActiveCfg = Debug|Win32
		{205030C3-FD3E-4811-B189-82586C9145A8}.Debug|x86.Build.0 = Debug|Win32
		{205030C3-FD3E-4811-B189-82586C9145A8}.Release|x64.ActiveCfg = Release|x64
		{205030C3-FD3E-4811-B189-82586C9145A8}.Release|x64.Build.0 = Release|x64
		{205030C3-FD3E-4811-B189-82586C9145A8}.Release|x86.ActiveCfg = Release|Win32
		{205030C3-FD3E-4811-B189-82586C9145A8}.Release|x86.Build.0 = Release|Win32
		{04C82E0C-790B-4FEE-87A1-979D2B6486B5}.Debug|x64.ActiveCfg = Debug|x64
		{04C82E0C-790B-4FEE-87A1-979D2B6486B5}.Debug|x64.Build.0 = Debug|x64
		{04C82E0C-790B-4FEE-87A1-979D2B6486B5}.Debug|x86.ActiveCfg = Debug|Win32
		{04C82E0C-790B-4FEE-87A1-979D2B6486B5}.Debug|x86.Build.0 = Debug|Win32
		{04C82E0C-790B-4FEE-87A1-979D2B6486B5}.Release|x64.ActiveCfg = Release|x64
		{04C82E0C-790B-4FEE-87A1-979D2B6486B5}.Release|x64.Build.0 = Release|x64
		{04C82E0C-790B-4FEE-87A1-979D2B6486B5}.Release|x86.ActiveCfg = Release|Win32
		{04C82E0C-790B-4FEE-87A1-979D2B6486B5}.Release|x86.Build.0 = Release|Win32
		{7C7E1BCD-F222-452B-8DC8-3183F95BEDAA}.Debug|x64.ActiveCfg = Debug|x64
		{7C7E1BCD-F222-452B-8DC8-3183F95BEDAA}.Debug|x64.Build.0 = Debug|x64
		{7C7E1BCD-F222-452B-8DC8-3183F95BEDAA}.Debug|x86.ActiveCfg = Debug|Win32
		{7C7E1BCD-F222-452B-8DC8-3183F95BEDAA}.Debug|x86.Build.0 = Debug|Win32
		{7C7E1BCD-F222-452B-8DC8-3183F95BEDAA}.Release|x64.ActiveCfg = Release|x64
		{7C7E1BCD-F222-452B-8DC8-3183F95BEDAA}.Release|x64.Build.0 = Release|x64
		{7C7E1BCD-F222-452B-8DC8-3183F95BEDAA}.Release|x86.ActiveCfg = Release|Win32
		{7C7E1BCD-F222-452B-8DC8-3183F95BEDAA}.Release|x86.Build.0 = Release|Win32
		{23263485-020E-4F0A-BA97-F7917FB7E82D}.Debug|x64.ActiveCfg = Debug|x64
		{23263485-020E-4F0A-BA97-F7917FB7E82D}.Debug|x64.Build.0 = Debug|x64
		{23263485-020E-4F0A-BA97-F7917FB7E82D}.Debug|x86.ActiveCfg = Debug|Win32
		{23263485-020E-4F0A-BA97-F7917FB7E82D}.Debug|x86.Build.0 = Debug|Win32
		{23263485-020E-4F0A-BA97-F7917FB7E82D}.Release|x64.ActiveCfg = Release|x64
		{23263485-020E-4F0A-BA97-F7917FB7E82D}.Release|x64.Build.0 = Release|x64
		{23263485-020E-4F0A-BA97-F7917FB7E82D}.Release|x86.ActiveCfg = Release|Win32
		{23263485-020E-4F0A-BA97-F7917FB7E82D}.Release|x86.Build.0 = Release|Win32
	EndGlobalSection
	GlobalSection(SolutionProperties) = preSolution
		HideSolutionNode = FALSE
	EndGlobalSection
	GlobalSection(ExtensibilityGlobals) = postSolution
		SolutionGuid = {9E9D5272-D7E3-4F84-A4F4-BC4170E1C8E4}
	EndGlobalSection
EndGlobal
